Microsoft Visual Studio Solution File, Format Version 11.00
# Visual Studio 2008

Project("{877A5976-5AC6-AE4E-365D-7E97532DD656}") = "HappyKitty", "Assembly-CSharp.csproj", "{EAB6D231-CFA0-E4C0-0B20-2A4073064EDD}"
EndProject
Global
	GlobalSection(SolutionConfigurationPlatforms) = preSolution
		Debug|Any CPU = Debug|Any CPU
		Release|Any CPU = Release|Any CPU
	EndGlobalSection
	GlobalSection(ProjectConfigurationPlatforms) = postSolution
		{EAB6D231-CFA0-E4C0-0B20-2A4073064EDD}.Debug|Any CPU.ActiveCfg = Debug|Any CPU
		{EAB6D231-CFA0-E4C0-0B20-2A4073064EDD}.Debug|Any CPU.Build.0 = Debug|Any CPU
		{EAB6D231-CFA0-E4C0-0B20-2A4073064EDD}.Release|Any CPU.ActiveCfg = Release|Any CPU
		{EAB6D231-CFA0-E4C0-0B20-2A4073064EDD}.Release|Any CPU.Build.0 = Release|Any CPU
	EndGlobalSection
	GlobalSection(SolutionProperties) = preSolution
		HideSolutionNode = FALSE
	EndGlobalSection
	GlobalSection(MonoDevelopProperties) = preSolution
		StartupItem = Assembly-CSharp.csproj
	EndGlobalSection
EndGlobal
